{
  "version": 4,
  "terraform_version": "1.9.8",
  "serial": 76,
  "lineage": "36647577-59c4-7e50-b673-5d1b88934959",
  "outputs": {
    "instance_msr_public_ip": {
      "value": "3.86.225.194",
      "type": "string"
    },
    "instance_wrks_public_ip": {
      "value": [
        "3.92.233.86"
      ],
      "type": [
        "tuple",
        [
          "string"
        ]
      ]
    }
  },
  "resources": [
    {
      "mode": "managed",
      "type": "aws_instance",
      "name": "ec2_instance_msr",
      "provider": "provider[\"registry.terraform.io/hashicorp/aws\"]",
      "instances": [
        {
          "schema_version": 1,
          "attributes": {
            "ami": "ami-0a6b2839d44d781b2",
            "arn": "arn:aws:ec2:us-east-1:975049959777:instance/i-0308c51703c5fe475",
            "associate_public_ip_address": true,
            "availability_zone": "us-east-1d",
            "capacity_reservation_specification": [
              {
                "capacity_reservation_preference": "open",
                "capacity_reservation_target": []
              }
            ],
            "cpu_core_count": 2,
            "cpu_options": [
              {
                "amd_sev_snp": "",
                "core_count": 2,
                "threads_per_core": 1
              }
            ],
            "cpu_threads_per_core": 1,
            "credit_specification": [
              {
                "cpu_credits": "standard"
              }
            ],
            "disable_api_stop": false,
            "disable_api_termination": false,
            "ebs_block_device": [],
            "ebs_optimized": false,
            "enclave_options": [
              {
                "enabled": false
              }
            ],
            "ephemeral_block_device": [],
            "get_password_data": false,
            "hibernation": false,
            "host_id": "",
            "host_resource_group_arn": null,
            "iam_instance_profile": "",
            "id": "i-0308c51703c5fe475",
            "instance_initiated_shutdown_behavior": "stop",
            "instance_lifecycle": "",
            "instance_market_options": [],
            "instance_state": "running",
            "instance_type": "t2.medium",
            "ipv6_address_count": 0,
            "ipv6_addresses": [],
            "key_name": "Terraform-key",
            "launch_template": [],
            "maintenance_options": [
              {
                "auto_recovery": "default"
              }
            ],
            "metadata_options": [
              {
                "http_endpoint": "enabled",
                "http_protocol_ipv6": "disabled",
                "http_put_response_hop_limit": 1,
                "http_tokens": "optional",
                "instance_metadata_tags": "disabled"
              }
            ],
            "monitoring": false,
            "network_interface": [],
            "outpost_arn": "",
            "password_data": "",
            "placement_group": "",
            "placement_partition_number": 0,
            "primary_network_interface_id": "eni-03b535de13d581301",
            "private_dns": "ip-10-0-1-138.ec2.internal",
            "private_dns_name_options": [
              {
                "enable_resource_name_dns_a_record": false,
                "enable_resource_name_dns_aaaa_record": false,
                "hostname_type": "ip-name"
              }
            ],
            "private_ip": "10.0.1.138",
            "public_dns": "",
            "public_ip": "3.86.225.194",
            "root_block_device": [
              {
                "delete_on_termination": true,
                "device_name": "/dev/sda1",
                "encrypted": false,
                "iops": 100,
                "kms_key_id": "",
                "tags": {},
                "tags_all": {},
                "throughput": 0,
                "volume_id": "vol-094d91391707e80c7",
                "volume_size": 16,
                "volume_type": "gp2"
              }
            ],
            "secondary_private_ips": [],
            "security_groups": [],
            "source_dest_check": true,
            "spot_instance_request_id": "",
            "subnet_id": "subnet-0313ea3c223423ea2",
            "tags": {
              "Name": "k8s_msr_1"
            },
            "tags_all": {
              "Name": "k8s_msr_1"
            },
            "tenancy": "default",
            "timeouts": null,
            "user_data": null,
            "user_data_base64": "IyEvYmluL2Jhc2gKCiMjIyMjIyMjIyAqKiBGT1IgTUFTVEVSIE5PREUgKiogIyMjIyMjIyMjCgpob3N0bmFtZSBrOHMtbXNyLTEKZWNobyAiazhzLW1zci0xIiA+IC9ldGMvaG9zdG5hbWUKCmV4cG9ydCBBV1NfQUNDRVNTX0tFWV9JRD1BS0lBNkdCTUJWRlFUUE5RTk9QUQpleHBvcnQgQVdTX1NFQ1JFVF9BQ0NFU1NfS0VZPWc0RG41eHN4UTdRTDY4Q2tpSi91WTFhWTBDQlRnaE9ub1N3WXJlOTkKZXhwb3J0IEFXU19ERUZBVUxUX1JFR0lPTj11cy1lYXN0LTEKCgphcHQgdXBkYXRlCmFwdCBpbnN0YWxsIGFwdC10cmFuc3BvcnQtaHR0cHMgY2EtY2VydGlmaWNhdGVzIGN1cmwgc29mdHdhcmUtcHJvcGVydGllcy1jb21tb24gLXkKY3VybCAtZnNTTCBodHRwczovL2Rvd25sb2FkLmRvY2tlci5jb20vbGludXgvdWJ1bnR1L2dwZyB8IHN1ZG8gYXB0LWtleSBhZGQgLQphZGQtYXB0LXJlcG9zaXRvcnkgImRlYiBbYXJjaD1hbWQ2NF0gaHR0cHM6Ly9kb3dubG9hZC5kb2NrZXIuY29tL2xpbnV4L3VidW50dSBmb2NhbCBzdGFibGUiCgojSW5zdGFsbGluZyBEb2NrZXIKdGVlIC9ldGMvbW9kdWxlcy1sb2FkLmQvY29udGFpbmVyZC5jb25mIDw8RU9GCm92ZXJsYXkKYnJfbmV0ZmlsdGVyCkVPRgoKbW9kcHJvYmUgb3ZlcmxheQptb2Rwcm9iZSBicl9uZXRmaWx0ZXIKCmFwdCB1cGRhdGUKYXB0LWNhY2hlIHBvbGljeSBkb2NrZXItY2UKYXB0IGluc3RhbGwgZG9ja2VyLWNlIC15CmFwdCBpbnN0YWxsIGF3c2NsaSAteSAgIAojQmUgc3VyZSB0byB1bmRlcnN0YW5kLCBpZiB5b3UgZm9sbG93IG9mZmljaWFsIEt1YmVybmV0ZXMgZG9jdW1lbnRhdGlvbiwgaW4gVWJ1bnR1IDIwIGl0IGRvZXMgbm90IHdvcmssIHRoYXQgaXMgd2h5LCBJIGRpZCBtb2RpZmljYXRpb24gdG8gc2NyaXB0CiNBZGRpbmcgS3ViZXJuZXRlcyByZXBvc2l0b3JpZXMKCiNOZXh0IDIgbGluZXMgYXJlIGRpZmZlcmVudCBmcm9tIG9mZmljaWFsIEt1YmVybmV0ZXMgZ3VpZGUsIGJ1dCB0aGUgd2F5IEt1YmVybmV0ZXMgZGVzY3JpYmUgc3RlcCBkb2VzIG5vdCB3b3JrCiMgY3VybCAtcyBodHRwczovL3BhY2thZ2VzLmNsb3VkLmdvb2dsZS5jb20vYXB0L2RvYy9hcHQta2V5LmdwZyB8IGFwdC1rZXkgYWRkCiMgZWNobyAiZGViIGh0dHBzOi8vcGFja2FnZXMuY2xvdWQuZ29vZ2xlLmNvbS9hcHQga3ViZXJuZXRlcy14ZW5pYWwgbWFpbiIgPiAvZXRjL2FwdC9zb3VyY2VzLmxpc3QuZC9rdXJiZW5ldGVzLmxpc3QKCm1rZGlyIC1wIC9ldGMvYXB0L2tleXJpbmdzLwpjdXJsIC1mc1NMIGh0dHBzOi8vcGtncy5rOHMuaW8vY29yZTovc3RhYmxlOi92MS4yOC9kZWIvUmVsZWFzZS5rZXkgfCBzdWRvIGdwZyAtLWRlYXJtb3IgLW8gL2V0Yy9hcHQva2V5cmluZ3Mva3ViZXJuZXRlcy1hcHQta2V5cmluZy5ncGcKZWNobyAnZGViIFtzaWduZWQtYnk9L2V0Yy9hcHQva2V5cmluZ3Mva3ViZXJuZXRlcy1hcHQta2V5cmluZy5ncGddIGh0dHBzOi8vcGtncy5rOHMuaW8vY29yZTovc3RhYmxlOi92MS4yOC9kZWIvIC8nIHwgc3VkbyB0ZWUgL2V0Yy9hcHQvc291cmNlcy5saXN0LmQva3ViZXJuZXRlcy5saXN0CgojVHVybiBvZmYgc3dhcApzd2Fwb2ZmIC1hCnN1ZG8gc2VkIC1pICcvc3dhcC9kJyAvZXRjL2ZzdGFiCm1vdW50IC1hCnVmdyBkaXNhYmxlCgojSW5zdGFsbGluZyBLdWJlcm5ldGVzIHRvb2xzCmFwdCB1cGRhdGUKIyBhcHQgaW5zdGFsbCBrdWJlbGV0IGt1YmVhZG0ga3ViZWN0bCAteQphcHQgaW5zdGFsbCAteSBrdWJlYWRtPTEuMjguMS0xLjEga3ViZWxldD0xLjI4LjEtMS4xIGt1YmVjdGw9MS4yOC4xLTEuMQoKI25leHQgbGluZSBpcyBnZXR0aW5nIEVDMiBpbnN0YW5jZSBJUCwgZm9yIGt1YmVhZG0gdG8gaW5pdGlhdGUgY2x1c3Rlcgojd2UgbmVlZCB0byBnZXQgRUMyIGludGVybmFsIElQIGFkZHJlc3MtIGRlZmF1bHQgRU5JIGlzIGV0aDAKZXhwb3J0IGlwYWRkcj1gaXAgYWRkcmVzc3xncmVwIGV0aDB8Z3JlcCBpbmV0fGF3ayAtRiAnICcgJ3twcmludCAkMn0nIHxhd2sgLUYgJy8nICd7cHJpbnQgJDF9J2AKZXhwb3J0IHB1YmlwPWBkaWcgK3Nob3J0IG15aXAub3BlbmRucy5jb20gQHJlc29sdmVyMS5vcGVuZG5zLmNvbWAKCiMgdGhlIGt1YmVhZG0gaW5pdCB3b24ndCB3b3JrIGVudGVsIHJlbW92ZSB0aGUgY29udGFpbmVyZCBjb25maWcgYW5kIHJlc3RhcnQgaXQuCnJtIC9ldGMvY29udGFpbmVyZC9jb25maWcudG9tbAoKc3lzdGVtY3RsIHJlc3RhcnQgY29udGFpbmVyZAoKdGVlIC9ldGMvc3lzY3RsLmQva3ViZXJuZXRlcy5jb25mPDxFT0YKbmV0LmJyaWRnZS5icmlkZ2UtbmYtY2FsbC1pcDZ0YWJsZXMgPSAxCm5ldC5icmlkZ2UuYnJpZGdlLW5mLWNhbGwtaXB0YWJsZXMgPSAxCm5ldC5pcHY0LmlwX2ZvcndhcmQgPSAxCkVPRgoKc3lzY3RsIC0tc3lzdGVtCgojS3ViZXJuZXRlcyBjbHVzdGVyIGluaXQKI1lvdSBjYW4gcmVwbGFjZSAxNzIuMTYuMC4wLzE2IHdpdGggeW91ciBkZXNpcmVkIHBvZCBuZXR3b3JrCmt1YmVhZG0gaW5pdCAtLWFwaXNlcnZlci1hZHZlcnRpc2UtYWRkcmVzcz0kaXBhZGRyIC0tcG9kLW5ldHdvcmstY2lkcj0xOTIuMTY4LjAuMC8xNiAtLWFwaXNlcnZlci1jZXJ0LWV4dHJhLXNhbnM9JHB1YmlwID4gL3RtcC9yZXN0dWx0Lm91dAojIGt1YmVhZG0gaW5pdCAtLWFwaXNlcnZlci1hZHZlcnRpc2UtYWRkcmVzcz0kaXBhZGRyIC0tYXBpc2VydmVyLWNlcnQtZXh0cmEtc2Fucz0kcHViaXAgPiAvdG1wL3Jlc3R1bHQub3V0CmNhdCAvdG1wL3Jlc3R1bHQub3V0CgojdG8gZ2V0IGpvaW4gY29tbWRuCnRhaWwgLTIgL3RtcC9yZXN0dWx0Lm91dCA+IC90bXAvam9pbl9jb21tYW5kLnNoOwojdGhpcyBhZGRzIC5rdWJlL2NvbmZpZyBmb3Igcm9vdCBhY2NvdW50LCBydW4gc2FtZSBmb3IgdWJ1bnR1IHVzZXIsIGlmIHlvdSBuZWVkIGl0Cm1rZGlyIC1wIC9yb290Ly5rdWJlOwpjcCAtaSAvZXRjL2t1YmVybmV0ZXMvYWRtaW4uY29uZiAvcm9vdC8ua3ViZS9jb25maWc7CmNwIC1pIC9ldGMva3ViZXJuZXRlcy9hZG1pbi5jb25mIC90bXAvYWRtaW4uY29uZjsKY2htb2QgNzU1IC90bXAvYWRtaW4uY29uZgoKI0FkZCBrdWJlIGNvbmZpZyB0byB1YnVudHUgdXNlci4KbWtkaXIgLXAgL2hvbWUvdWJ1bnR1Ly5rdWJlOwpjcCAtaSAvZXRjL2t1YmVybmV0ZXMvYWRtaW4uY29uZiAvaG9tZS91YnVudHUvLmt1YmUvY29uZmlnOwpjaG1vZCA3NTUgL2hvbWUvdWJ1bnR1Ly5rdWJlL2NvbmZpZwoKCiN0byBjb3B5IGt1YmUgY29uZmlnIGZpbGUgdG8gczMKCmV4cG9ydCBLVUJFQ09ORklHPS9yb290Ly5rdWJlL2NvbmZpZwojIGluc3RhbGwgaGVsbQpjdXJsIC1mc1NMIC1vIGdldF9oZWxtLnNoIGh0dHBzOi8vcmF3LmdpdGh1YnVzZXJjb250ZW50LmNvbS9oZWxtL2hlbG0vbWFpbi9zY3JpcHRzL2dldC1oZWxtLTMKY2htb2QgNzAwIGdldF9oZWxtLnNoCmJhc2ggZ2V0X2hlbG0uc2gKCiMgU2V0dXAgZmxhbm5lbAprdWJlY3RsIGNyZWF0ZSAtLWt1YmVjb25maWcgL3Jvb3QvLmt1YmUvY29uZmlnIG5zIGt1YmUtZmxhbm5lbAprdWJlY3RsIGxhYmVsIC0tb3ZlcndyaXRlIG5zIGt1YmUtZmxhbm5lbCBwb2Qtc2VjdXJpdHkua3ViZXJuZXRlcy5pby9lbmZvcmNlPXByaXZpbGVnZWQKaGVsbSByZXBvIGFkZCBmbGFubmVsIGh0dHBzOi8vZmxhbm5lbC1pby5naXRodWIuaW8vZmxhbm5lbC8KaGVsbSBpbnN0YWxsIGZsYW5uZWwgLS1zZXQgcG9kQ2lkcj0iMTkyLjE2OC4wLjAvMTYiIC0tbmFtZXNwYWNlIGt1YmUtZmxhbm5lbCBmbGFubmVsL2ZsYW5uZWwKCgoKI1VuY29tbWVudCBuZXh0IGxpbmUgaWYgeW91IHdhbnQgY2FsaWNvIENsdXN0ZXIgUG9kIE5ldHdvcmsKIyBjdXJsIC1vIC9yb290L2NhbGljby55YW1sIGh0dHBzOi8vcmF3LmdpdGh1YnVzZXJjb250ZW50LmNvbS9wcm9qZWN0Y2FsaWNvL2NhbGljby92My4yNy4yL21hbmlmZXN0cy90aWdlcmEtb3BlcmF0b3IueWFtbApzbGVlcCA1CiMga3ViZWN0bCAtLWt1YmVjb25maWcgL3Jvb3QvLmt1YmUvY29uZmlnIGFwcGx5IC1mIC9yb290L2NhbGljby55YW1sCiMgc3lzdGVtY3RsIHJlc3RhcnQga3ViZWxldAoKIyBBcHBseSBrdWJlY3RsIENoZWF0IFNoZWV0IEF1dG9jb21wbGV0ZQpzb3VyY2UgPChrdWJlY3RsIGNvbXBsZXRpb24gYmFzaCkgIyBzZXQgdXAgYXV0b2NvbXBsZXRlIGluIGJhc2ggaW50byB0aGUgY3VycmVudCBzaGVsbCwgYmFzaC1jb21wbGV0aW9uIHBhY2thZ2Ugc2hvdWxkIGJlIGluc3RhbGxlZCBmaXJzdC4KZWNobyAic291cmNlIDwoa3ViZWN0bCBjb21wbGV0aW9uIGJhc2gpIiA+PiAvaG9tZS91YnVudHUvLmJhc2hyYyAjIGFkZCBhdXRvY29tcGxldGUgcGVybWFuZW50bHkgdG8geW91ciBiYXNoIHNoZWxsLgplY2hvICJzb3VyY2UgPChrdWJlY3RsIGNvbXBsZXRpb24gYmFzaCkiID4+IC9yb290Ly5iYXNocmMgIyBhZGQgYXV0b2NvbXBsZXRlIHBlcm1hbmVudGx5IHRvIHlvdXIgYmFzaCBzaGVsbC4KYWxpYXMgaz1rdWJlY3RsCmNvbXBsZXRlIC1vIGRlZmF1bHQgLUYgX19zdGFydF9rdWJlY3RsIGsKZWNobyAiYWxpYXMgaz1rdWJlY3RsIiA+PiAvaG9tZS91YnVudHUvLmJhc2hyYwplY2hvICJhbGlhcyBrPWt1YmVjdGwiID4+IC9yb290Ly5iYXNocmMKZWNobyAiY29tcGxldGUgLW8gZGVmYXVsdCAtRiBfX3N0YXJ0X2t1YmVjdGwgayIgPj4gL2hvbWUvdWJ1bnR1Ly5iYXNocmMKZWNobyAiY29tcGxldGUgLW8gZGVmYXVsdCAtRiBfX3N0YXJ0X2t1YmVjdGwgayIgPj4gL3Jvb3QvLmJhc2hyYw==",
            "user_data_replace_on_change": false,
            "volume_tags": null,
            "vpc_security_group_ids": [
              "sg-04b97fd9b5895201c"
            ]
          },
          "sensitive_attributes": [],
          "private": "eyJlMmJmYjczMC1lY2FhLTExZTYtOGY4OC0zNDM2M2JjN2M0YzAiOnsiY3JlYXRlIjo2MDAwMDAwMDAwMDAsImRlbGV0ZSI6MTIwMDAwMDAwMDAwMCwicmVhZCI6OTAwMDAwMDAwMDAwLCJ1cGRhdGUiOjYwMDAwMDAwMDAwMH0sInNjaGVtYV92ZXJzaW9uIjoiMSJ9",
          "dependencies": [
            "aws_security_group.k8s_sg",
            "aws_subnet.some_public_subnet",
            "aws_vpc.some_custom_vpc",
            "random_shuffle.az"
          ]
        }
      ]
    },
    {
      "mode": "managed",
      "type": "aws_instance",
      "name": "ec2_instance_wrk",
      "provider": "provider[\"registry.terraform.io/hashicorp/aws\"]",
      "instances": [
        {
          "index_key": 0,
          "schema_version": 1,
          "attributes": {
            "ami": "ami-0a6b2839d44d781b2",
            "arn": "arn:aws:ec2:us-east-1:975049959777:instance/i-09311f5b21ecc391a",
            "associate_public_ip_address": true,
            "availability_zone": "us-east-1d",
            "capacity_reservation_specification": [
              {
                "capacity_reservation_preference": "open",
                "capacity_reservation_target": []
              }
            ],
            "cpu_core_count": 2,
            "cpu_options": [
              {
                "amd_sev_snp": "",
                "core_count": 2,
                "threads_per_core": 1
              }
            ],
            "cpu_threads_per_core": 1,
            "credit_specification": [
              {
                "cpu_credits": "standard"
              }
            ],
            "disable_api_stop": false,
            "disable_api_termination": false,
            "ebs_block_device": [],
            "ebs_optimized": false,
            "enclave_options": [
              {
                "enabled": false
              }
            ],
            "ephemeral_block_device": [],
            "get_password_data": false,
            "hibernation": false,
            "host_id": "",
            "host_resource_group_arn": null,
            "iam_instance_profile": "",
            "id": "i-09311f5b21ecc391a",
            "instance_initiated_shutdown_behavior": "stop",
            "instance_lifecycle": "",
            "instance_market_options": [],
            "instance_state": "running",
            "instance_type": "t2.medium",
            "ipv6_address_count": 0,
            "ipv6_addresses": [],
            "key_name": "Terraform-key",
            "launch_template": [],
            "maintenance_options": [
              {
                "auto_recovery": "default"
              }
            ],
            "metadata_options": [
              {
                "http_endpoint": "enabled",
                "http_protocol_ipv6": "disabled",
                "http_put_response_hop_limit": 1,
                "http_tokens": "optional",
                "instance_metadata_tags": "disabled"
              }
            ],
            "monitoring": false,
            "network_interface": [],
            "outpost_arn": "",
            "password_data": "",
            "placement_group": "",
            "placement_partition_number": 0,
            "primary_network_interface_id": "eni-08fed8f6ad5377f09",
            "private_dns": "ip-10-0-1-214.ec2.internal",
            "private_dns_name_options": [
              {
                "enable_resource_name_dns_a_record": false,
                "enable_resource_name_dns_aaaa_record": false,
                "hostname_type": "ip-name"
              }
            ],
            "private_ip": "10.0.1.214",
            "public_dns": "",
            "public_ip": "3.92.233.86",
            "root_block_device": [
              {
                "delete_on_termination": true,
                "device_name": "/dev/sda1",
                "encrypted": false,
                "iops": 100,
                "kms_key_id": "",
                "tags": {},
                "tags_all": {},
                "throughput": 0,
                "volume_id": "vol-006f23947d367a349",
                "volume_size": 16,
                "volume_type": "gp2"
              }
            ],
            "secondary_private_ips": [],
            "security_groups": [],
            "source_dest_check": true,
            "spot_instance_request_id": "",
            "subnet_id": "subnet-0313ea3c223423ea2",
            "tags": {
              "Name": "k8s_wrk_1"
            },
            "tags_all": {
              "Name": "k8s_wrk_1"
            },
            "tenancy": "default",
            "timeouts": null,
            "user_data": null,
            "user_data_base64": "IyEvYmluL2Jhc2gKCiMjIyMjIyMjIyAqKiBGT1IgV09SS0VSIE5PREUgKiogIyMjIyMjIyMjCgpob3N0bmFtZSBrOHMtd3JrLTEKZWNobyAiazhzLXdyay0xIiA+IC9ldGMvaG9zdG5hbWUKCmV4cG9ydCBBV1NfQUNDRVNTX0tFWV9JRD1BS0lBNkdCTUJWRlFUUE5RTk9QUQpleHBvcnQgQVdTX1NFQ1JFVF9BQ0NFU1NfS0VZPWc0RG41eHN4UTdRTDY4Q2tpSi91WTFhWTBDQlRnaE9ub1N3WXJlOTkKZXhwb3J0IEFXU19ERUZBVUxUX1JFR0lPTj11cy1lYXN0LTEKCgphcHQgdXBkYXRlCmFwdCBpbnN0YWxsIGFwdC10cmFuc3BvcnQtaHR0cHMgY2EtY2VydGlmaWNhdGVzIGN1cmwgc29mdHdhcmUtcHJvcGVydGllcy1jb21tb24gLXkKY3VybCAtZnNTTCBodHRwczovL2Rvd25sb2FkLmRvY2tlci5jb20vbGludXgvdWJ1bnR1L2dwZyB8IHN1ZG8gYXB0LWtleSBhZGQgLQphZGQtYXB0LXJlcG9zaXRvcnkgImRlYiBbYXJjaD1hbWQ2NF0gaHR0cHM6Ly9kb3dubG9hZC5kb2NrZXIuY29tL2xpbnV4L3VidW50dSBmb2NhbCBzdGFibGUiCgojSW5zdGFsbGluZyBEb2NrZXIKdGVlIC9ldGMvbW9kdWxlcy1sb2FkLmQvY29udGFpbmVyZC5jb25mIDw8RU9GCm92ZXJsYXkKYnJfbmV0ZmlsdGVyCkVPRgoKbW9kcHJvYmUgb3ZlcmxheQptb2Rwcm9iZSBicl9uZXRmaWx0ZXIKCgphcHQgdXBkYXRlCmFwdC1jYWNoZSBwb2xpY3kgZG9ja2VyLWNlCmFwdCBpbnN0YWxsIGRvY2tlci1jZSAteQphcHQgaW5zdGFsbCBhd3NjbGkgLXkKCiNCZSBzdXJlIHRvIHVuZGVyc3RhbmQsIGlmIHlvdSBmb2xsb3cgb2ZmaWNpYWwgS3ViZXJuZXRlcyBkb2N1bWVudGF0aW9uLCBpbiBVYnVudHUgMjAgaXQgZG9lcyBub3Qgd29yaywgdGhhdCBpcyB3aHksIEkgZGlkIG1vZGlmaWNhdGlvbiB0byBzY3JpcHQKI0FkZGluZyBLdWJlcm5ldGVzIHJlcG9zaXRvcmllcwoKI05leHQgMiBsaW5lcyBhcmUgZGlmZmVyZW50IGZyb20gb2ZmaWNpYWwgS3ViZXJuZXRlcyBndWlkZSwgYnV0IHRoZSB3YXkgS3ViZXJuZXRlcyBkZXNjcmliZSBzdGVwIGRvZXMgbm90IHdvcmsKIyBjdXJsIC1zIGh0dHBzOi8vcGFja2FnZXMuY2xvdWQuZ29vZ2xlLmNvbS9hcHQvZG9jL2FwdC1rZXkuZ3BnIHwgYXB0LWtleSBhZGQKIyBlY2hvICJkZWIgaHR0cHM6Ly9wYWNrYWdlcy5jbG91ZC5nb29nbGUuY29tL2FwdCBrdWJlcm5ldGVzLXhlbmlhbCBtYWluIiA+IC9ldGMvYXB0L3NvdXJjZXMubGlzdC5kL2t1cmJlbmV0ZXMubGlzdAoKbWtkaXIgLXAgL2V0Yy9hcHQva2V5cmluZ3MvCmN1cmwgLWZzU0wgaHR0cHM6Ly9wa2dzLms4cy5pby9jb3JlOi9zdGFibGU6L3YxLjI4L2RlYi9SZWxlYXNlLmtleSB8IHN1ZG8gZ3BnIC0tZGVhcm1vciAtbyAvZXRjL2FwdC9rZXlyaW5ncy9rdWJlcm5ldGVzLWFwdC1rZXlyaW5nLmdwZwplY2hvICdkZWIgW3NpZ25lZC1ieT0vZXRjL2FwdC9rZXlyaW5ncy9rdWJlcm5ldGVzLWFwdC1rZXlyaW5nLmdwZ10gaHR0cHM6Ly9wa2dzLms4cy5pby9jb3JlOi9zdGFibGU6L3YxLjI4L2RlYi8gLycgfCBzdWRvIHRlZSAvZXRjL2FwdC9zb3VyY2VzLmxpc3QuZC9rdWJlcm5ldGVzLmxpc3QKCgojVHVybiBvZmYgc3dhcApzd2Fwb2ZmIC1hCnN1ZG8gc2VkIC1pICcvc3dhcC9kJyAvZXRjL2ZzdGFiCm1vdW50IC1hCnVmdyBkaXNhYmxlCgojSW5zdGFsbGluZyBLdWJlcm5ldGVzIHRvb2xzCmFwdCB1cGRhdGUKIyBhcHQgaW5zdGFsbCBrdWJlbGV0IGt1YmVhZG0ga3ViZWN0bCAteQphcHQgaW5zdGFsbCAteSBrdWJlYWRtPTEuMjguMS0xLjEga3ViZWxldD0xLjI4LjEtMS4xIGt1YmVjdGw9MS4yOC4xLTEuMQoKCiNuZXh0IGxpbmUgaXMgZ2V0dGluZyBFQzIgaW5zdGFuY2UgSVAsIGZvciBrdWJlYWRtIHRvIGluaXRpYXRlIGNsdXN0ZXIKI3dlIG5lZWQgdG8gZ2V0IEVDMiBpbnRlcm5hbCBJUCBhZGRyZXNzLSBkZWZhdWx0IEVOSSBpcyBldGgwCmV4cG9ydCBpcGFkZHI9YGlwIGFkZHJlc3N8Z3JlcCBldGgwfGdyZXAgaW5ldHxhd2sgLUYgJyAnICd7cHJpbnQgJDJ9JyB8YXdrIC1GICcvJyAne3ByaW50ICQxfSdgCgoKIyB0aGUga3ViZWFkbSBpbml0IHdvbid0IHdvcmsgZW50ZWwgcmVtb3ZlIHRoZSBjb250YWluZXJkIGNvbmZpZyBhbmQgcmVzdGFydCBpdC4Kcm0gL2V0Yy9jb250YWluZXJkL2NvbmZpZy50b21sCnN5c3RlbWN0bCByZXN0YXJ0IGNvbnRhaW5lcmQKCnRlZSAvZXRjL3N5c2N0bC5kL2t1YmVybmV0ZXMuY29uZjw8RU9GCm5ldC5icmlkZ2UuYnJpZGdlLW5mLWNhbGwtaXA2dGFibGVzID0gMQpuZXQuYnJpZGdlLmJyaWRnZS1uZi1jYWxsLWlwdGFibGVzID0gMQpuZXQuaXB2NC5pcF9mb3J3YXJkID0gMQpFT0YKCnN5c2N0bCAtLXN5c3RlbQoKIyB0byBpbnN1cmUgdGhlIGpvaW4gY29tbWFuZCBzdGFydCB3aGVuIHRoZSBpbnN0YWxsaW9uIG9mIG1hc3RlciBub2RlIGlzIGRvbmUuCgo=",
            "user_data_replace_on_change": false,
            "volume_tags": null,
            "vpc_security_group_ids": [
              "sg-04b97fd9b5895201c"
            ]
          },
          "sensitive_attributes": [],
          "private": "eyJlMmJmYjczMC1lY2FhLTExZTYtOGY4OC0zNDM2M2JjN2M0YzAiOnsiY3JlYXRlIjo2MDAwMDAwMDAwMDAsImRlbGV0ZSI6MTIwMDAwMDAwMDAwMCwicmVhZCI6OTAwMDAwMDAwMDAwLCJ1cGRhdGUiOjYwMDAwMDAwMDAwMH0sInNjaGVtYV92ZXJzaW9uIjoiMSJ9",
          "dependencies": [
            "aws_instance.ec2_instance_msr",
            "aws_security_group.k8s_sg",
            "aws_subnet.some_public_subnet",
            "aws_vpc.some_custom_vpc",
            "random_shuffle.az"
          ]
        }
      ]
    },
    {
      "mode": "managed",
      "type": "aws_internet_gateway",
      "name": "some_ig",
      "provider": "provider[\"registry.terraform.io/hashicorp/aws\"]",
      "instances": [
        {
          "schema_version": 0,
          "attributes": {
            "arn": "arn:aws:ec2:us-east-1:975049959777:internet-gateway/igw-08d9f1c7327d7a85e",
            "id": "igw-08d9f1c7327d7a85e",
            "owner_id": "975049959777",
            "tags": {
              "Name": "K8S Internet Gateway"
            },
            "tags_all": {
              "Name": "K8S Internet Gateway"
            },
            "timeouts": null,
            "vpc_id": "vpc-0329c40ca01bca6af"
          },
          "sensitive_attributes": [],
          "private": "eyJlMmJmYjczMC1lY2FhLTExZTYtOGY4OC0zNDM2M2JjN2M0YzAiOnsiY3JlYXRlIjoxMjAwMDAwMDAwMDAwLCJkZWxldGUiOjEyMDAwMDAwMDAwMDAsInVwZGF0ZSI6MTIwMDAwMDAwMDAwMH19",
          "dependencies": [
            "aws_vpc.some_custom_vpc"
          ]
        }
      ]
    },
    {
      "mode": "managed",
      "type": "aws_route_table",
      "name": "public_rt",
      "provider": "provider[\"registry.terraform.io/hashicorp/aws\"]",
      "instances": [
        {
          "schema_version": 0,
          "attributes": {
            "arn": "arn:aws:ec2:us-east-1:975049959777:route-table/rtb-0da0cad9bb15c928e",
            "id": "rtb-0da0cad9bb15c928e",
            "owner_id": "975049959777",
            "propagating_vgws": [],
            "route": [
              {
                "carrier_gateway_id": "",
                "cidr_block": "",
                "core_network_arn": "",
                "destination_prefix_list_id": "",
                "egress_only_gateway_id": "",
                "gateway_id": "igw-08d9f1c7327d7a85e",
                "ipv6_cidr_block": "::/0",
                "local_gateway_id": "",
                "nat_gateway_id": "",
                "network_interface_id": "",
                "transit_gateway_id": "",
                "vpc_endpoint_id": "",
                "vpc_peering_connection_id": ""
              },
              {
                "carrier_gateway_id": "",
                "cidr_block": "0.0.0.0/0",
                "core_network_arn": "",
                "destination_prefix_list_id": "",
                "egress_only_gateway_id": "",
                "gateway_id": "igw-08d9f1c7327d7a85e",
                "ipv6_cidr_block": "",
                "local_gateway_id": "",
                "nat_gateway_id": "",
                "network_interface_id": "",
                "transit_gateway_id": "",
                "vpc_endpoint_id": "",
                "vpc_peering_connection_id": ""
              }
            ],
            "tags": {
              "Name": "Public Route Table"
            },
            "tags_all": {
              "Name": "Public Route Table"
            },
            "timeouts": null,
            "vpc_id": "vpc-0329c40ca01bca6af"
          },
          "sensitive_attributes": [],
          "private": "eyJlMmJmYjczMC1lY2FhLTExZTYtOGY4OC0zNDM2M2JjN2M0YzAiOnsiY3JlYXRlIjozMDAwMDAwMDAwMDAsImRlbGV0ZSI6MzAwMDAwMDAwMDAwLCJ1cGRhdGUiOjEyMDAwMDAwMDAwMH19",
          "dependencies": [
            "aws_internet_gateway.some_ig",
            "aws_vpc.some_custom_vpc"
          ]
        }
      ]
    },
    {
      "mode": "managed",
      "type": "aws_route_table_association",
      "name": "public_1_rt_a",
      "provider": "provider[\"registry.terraform.io/hashicorp/aws\"]",
      "instances": [
        {
          "schema_version": 0,
          "attributes": {
            "gateway_id": "",
            "id": "rtbassoc-09203894e7bb8b4be",
            "route_table_id": "rtb-0da0cad9bb15c928e",
            "subnet_id": "subnet-0313ea3c223423ea2",
            "timeouts": null
          },
          "sensitive_attributes": [],
          "private": "eyJlMmJmYjczMC1lY2FhLTExZTYtOGY4OC0zNDM2M2JjN2M0YzAiOnsiY3JlYXRlIjozMDAwMDAwMDAwMDAsImRlbGV0ZSI6MzAwMDAwMDAwMDAwLCJ1cGRhdGUiOjEyMDAwMDAwMDAwMH19",
          "dependencies": [
            "aws_internet_gateway.some_ig",
            "aws_route_table.public_rt",
            "aws_subnet.some_public_subnet",
            "aws_vpc.some_custom_vpc",
            "random_shuffle.az"
          ]
        }
      ]
    },
    {
      "mode": "managed",
      "type": "aws_security_group",
      "name": "k8s_sg",
      "provider": "provider[\"registry.terraform.io/hashicorp/aws\"]",
      "instances": [
        {
          "schema_version": 1,
          "attributes": {
            "arn": "arn:aws:ec2:us-east-1:975049959777:security-group/sg-04b97fd9b5895201c",
            "description": "Managed by Terraform",
            "egress": [
              {
                "cidr_blocks": [
                  "0.0.0.0/0"
                ],
                "description": "",
                "from_port": 0,
                "ipv6_cidr_blocks": [],
                "prefix_list_ids": [],
                "protocol": "-1",
                "security_groups": [],
                "self": false,
                "to_port": 0
              }
            ],
            "id": "sg-04b97fd9b5895201c",
            "ingress": [
              {
                "cidr_blocks": [
                  "0.0.0.0/0"
                ],
                "description": "",
                "from_port": 10250,
                "ipv6_cidr_blocks": [],
                "prefix_list_ids": [],
                "protocol": "tcp",
                "security_groups": [],
                "self": false,
                "to_port": 10250
              },
              {
                "cidr_blocks": [
                  "0.0.0.0/0"
                ],
                "description": "",
                "from_port": 22,
                "ipv6_cidr_blocks": [],
                "prefix_list_ids": [],
                "protocol": "tcp",
                "security_groups": [],
                "self": false,
                "to_port": 22
              },
              {
                "cidr_blocks": [
                  "0.0.0.0/0"
                ],
                "description": "",
                "from_port": 2379,
                "ipv6_cidr_blocks": [],
                "prefix_list_ids": [],
                "protocol": "tcp",
                "security_groups": [],
                "self": false,
                "to_port": 2380
              },
              {
                "cidr_blocks": [
                  "0.0.0.0/0"
                ],
                "description": "",
                "from_port": 30000,
                "ipv6_cidr_blocks": [],
                "prefix_list_ids": [],
                "protocol": "tcp",
                "security_groups": [],
                "self": false,
                "to_port": 32767
              },
              {
                "cidr_blocks": [
                  "0.0.0.0/0"
                ],
                "description": "",
                "from_port": 6443,
                "ipv6_cidr_blocks": [],
                "prefix_list_ids": [],
                "protocol": "tcp",
                "security_groups": [],
                "self": false,
                "to_port": 6443
              },
              {
                "cidr_blocks": [
                  "0.0.0.0/0"
                ],
                "description": "",
                "from_port": 80,
                "ipv6_cidr_blocks": [],
                "prefix_list_ids": [],
                "protocol": "tcp",
                "security_groups": [],
                "self": false,
                "to_port": 80
              }
            ],
            "name": "K8S Ports",
            "name_prefix": "",
            "owner_id": "975049959777",
            "revoke_rules_on_delete": false,
            "tags": {},
            "tags_all": {},
            "timeouts": null,
            "vpc_id": "vpc-0329c40ca01bca6af"
          },
          "sensitive_attributes": [],
          "private": "eyJlMmJmYjczMC1lY2FhLTExZTYtOGY4OC0zNDM2M2JjN2M0YzAiOnsiY3JlYXRlIjo2MDAwMDAwMDAwMDAsImRlbGV0ZSI6OTAwMDAwMDAwMDAwfSwic2NoZW1hX3ZlcnNpb24iOiIxIn0=",
          "dependencies": [
            "aws_vpc.some_custom_vpc"
          ]
        }
      ]
    },
    {
      "mode": "managed",
      "type": "aws_subnet",
      "name": "some_public_subnet",
      "provider": "provider[\"registry.terraform.io/hashicorp/aws\"]",
      "instances": [
        {
          "schema_version": 1,
          "attributes": {
            "arn": "arn:aws:ec2:us-east-1:975049959777:subnet/subnet-0313ea3c223423ea2",
            "assign_ipv6_address_on_creation": false,
            "availability_zone": "us-east-1d",
            "availability_zone_id": "use1-az2",
            "cidr_block": "10.0.1.0/24",
            "customer_owned_ipv4_pool": "",
            "enable_dns64": false,
            "enable_lni_at_device_index": 0,
            "enable_resource_name_dns_a_record_on_launch": false,
            "enable_resource_name_dns_aaaa_record_on_launch": false,
            "id": "subnet-0313ea3c223423ea2",
            "ipv6_cidr_block": "",
            "ipv6_cidr_block_association_id": "",
            "ipv6_native": false,
            "map_customer_owned_ip_on_launch": false,
            "map_public_ip_on_launch": false,
            "outpost_arn": "",
            "owner_id": "975049959777",
            "private_dns_hostname_type_on_launch": "ip-name",
            "tags": {
              "Name": "K8S Subnet"
            },
            "tags_all": {
              "Name": "K8S Subnet"
            },
            "timeouts": null,
            "vpc_id": "vpc-0329c40ca01bca6af"
          },
          "sensitive_attributes": [],
          "private": "eyJlMmJmYjczMC1lY2FhLTExZTYtOGY4OC0zNDM2M2JjN2M0YzAiOnsiY3JlYXRlIjo2MDAwMDAwMDAwMDAsImRlbGV0ZSI6MTIwMDAwMDAwMDAwMH0sInNjaGVtYV92ZXJzaW9uIjoiMSJ9",
          "dependencies": [
            "aws_vpc.some_custom_vpc",
            "random_shuffle.az"
          ]
        }
      ]
    },
    {
      "mode": "managed",
      "type": "aws_vpc",
      "name": "some_custom_vpc",
      "provider": "provider[\"registry.terraform.io/hashicorp/aws\"]",
      "instances": [
        {
          "schema_version": 1,
          "attributes": {
            "arn": "arn:aws:ec2:us-east-1:975049959777:vpc/vpc-0329c40ca01bca6af",
            "assign_generated_ipv6_cidr_block": false,
            "cidr_block": "10.0.0.0/16",
            "default_network_acl_id": "acl-03617d4597651994b",
            "default_route_table_id": "rtb-0a22afaffca9acff4",
            "default_security_group_id": "sg-0e27f48500f4ff1d3",
            "dhcp_options_id": "dopt-0a29275235aa4bf01",
            "enable_dns_hostnames": false,
            "enable_dns_support": true,
            "enable_network_address_usage_metrics": false,
            "id": "vpc-0329c40ca01bca6af",
            "instance_tenancy": "default",
            "ipv4_ipam_pool_id": null,
            "ipv4_netmask_length": null,
            "ipv6_association_id": "",
            "ipv6_cidr_block": "",
            "ipv6_cidr_block_network_border_group": "",
            "ipv6_ipam_pool_id": "",
            "ipv6_netmask_length": 0,
            "main_route_table_id": "rtb-0a22afaffca9acff4",
            "owner_id": "975049959777",
            "tags": {
              "Name": "K8S VPC"
            },
            "tags_all": {
              "Name": "K8S VPC"
            }
          },
          "sensitive_attributes": [],
          "private": "eyJzY2hlbWFfdmVyc2lvbiI6IjEifQ=="
        }
      ]
    },
    {
      "mode": "managed",
      "type": "random_shuffle",
      "name": "az",
      "provider": "provider[\"registry.terraform.io/hashicorp/random\"]",
      "instances": [
        {
          "schema_version": 0,
          "attributes": {
            "id": "-",
            "input": [
              "us-east-1a",
              "us-east-1b",
              "us-east-1c",
              "us-east-1d",
              "us-east-1e"
            ],
            "keepers": null,
            "result": [
              "us-east-1d"
            ],
            "result_count": 1,
            "seed": null
          },
          "sensitive_attributes": []
        }
      ]
    }
  ],
  "check_results": null
}
